// !$*UTF8*$!
{
	archiveVersion = 1;
	classes = {
	};
	objectVersion = 46;
	objects = {

/* Begin PBXBuildFile section */
		20E066AF1DBF2D18001C83AA /* AppDelegate.swift in Sources */ = {isa = PBXBuildFile; fileRef = 20E066AE1DBF2D18001C83AA /* AppDelegate.swift */; };
		20E066B11DBF2D18001C83AA /* ViewController.swift in Sources */ = {isa = PBXBuildFile; fileRef = 20E066B01DBF2D18001C83AA /* ViewController.swift */; };
		20E066B41DBF2D18001C83AA /* Main.storyboard in Resources */ = {isa = PBXBuildFile; fileRef = 20E066B21DBF2D18001C83AA /* Main.storyboard */; };
		20E066B61DBF2D18001C83AA /* Assets.xcassets in Resources */ = {isa = PBXBuildFile; fileRef = 20E066B51DBF2D18001C83AA /* Assets.xcassets */; };
		20E066B91DBF2D18001C83AA /* LaunchScreen.storyboard in Resources */ = {isa = PBXBuildFile; fileRef = 20E066B71DBF2D18001C83AA /* LaunchScreen.storyboard */; };
		20E066C11DBF3881001C83AA /* pokemon.csv in Resources */ = {isa = PBXBuildFile; fileRef = 20E066C01DBF3881001C83AA /* pokemon.csv */; };
/* End PBXBuildFile section */

/* Begin PBXFileReference section */
		20E066AB1DBF2D18001C83AA /* Pokedex.app */ = {isa = PBXFileReference; explicitFileType = wrapper.application; includeInIndex = 0; path = Pokedex.app; sourceTree = BUILT_PRODUCTS_DIR; };
		20E066AE1DBF2D18001C83AA /* AppDelegate.swift */ = {isa = PBXFileReference; lastKnownFileType = sourcecode.swift; path = AppDelegate.swift; sourceTree = "<group>"; };
		20E066B01DBF2D18001C83AA /* ViewController.swift */ = {isa = PBXFileReference; lastKnownFileType = sourcecode.swift; path = ViewController.swift; sourceTree = "<group>"; };
		20E066B31DBF2D18001C83AA /* Base */ = {isa = PBXFileReference; lastKnownFileType = file.storyboard; name = Base; path = Base.lproj/Main.storyboard; sourceTree = "<group>"; };
		20E066B51DBF2D18001C83AA /* Assets.xcassets */ = {isa = PBXFileReference; lastKnownFileType = folder.assetcatalog; path = Assets.xcassets; sourceTree = "<group>"; };
		20E066B81DBF2D18001C83AA /* Base */ = {isa = PBXFileReference; lastKnownFileType = file.storyboard; name = Base; path = Base.lproj/LaunchScreen.storyboard; sourceTree = "<group>"; };
		20E066BA1DBF2D18001C83AA /* Info.plist */ = {isa = PBXFileReference; lastKnownFileType = text.plist.xml; path = Info.plist; sourceTree = "<group>"; };
		20E066C01DBF3881001C83AA /* pokemon.csv */ = {isa = PBXFileReference; fileEncoding = 4; lastKnownFileType = text; path = pokemon.csv; sourceTree = "<group>"; };
/* End PBXFileReference section */

/* Begin PBXFrameworksBuildPhase section */
		20E066A81DBF2D18001C83AA /* Frameworks */ = {
			isa = PBXFrameworksBuildPhase;
			buildActionMask = 2147483647;
			files = (
			);
			runOnlyForDeploymentPostprocessing = 0;
		};
/* End PBXFrameworksBuildPhase section */

/* Begin PBXGroup section */
		20E066A21DBF2D18001C83AA = {
			isa = PBXGroup;
			children = (
				20E066AD1DBF2D18001C83AA /* Pokedex */,
				20E066AC1DBF2D18001C83AA /* Products */,
			);
			sourceTree = "<group>";
		};
		20E066AC1DBF2D18001C83AA /* Products */ = {
			isa = PBXGroup;
			children = (
				20E066AB1DBF2D18001C83AA /* Pokedex.app */,
			);
			name = Products;
			sourceTree = "<group>";
		};
		20E066AD1DBF2D18001C83AA /* Pokedex */ = {
			isa = PBXGroup;
			children = (
				20E066AE1DBF2D18001C83AA /* AppDelegate.swift */,
				20E066B01DBF2D18001C83AA /* ViewController.swift */,
				20E066B21DBF2D18001C83AA /* Main.storyboard */,
				20E066B51DBF2D18001C83AA /* Assets.xcassets */,
				20E066B71DBF2D18001C83AA /* LaunchScreen.storyboard */,
				20E066C01DBF3881001C83AA /* pokemon.csv */,
				20E066BA1DBF2D18001C83AA /* Info.plist */,
			);
			path = Pokedex;
			sourceTree = "<group>";
		};
/* End PBXGroup section */

/* Begin PBXNativeTarget section */
		20E066AA1DBF2D18001C83AA /* Pokedex */ = {
			isa = PBXNativeTarget;
			buildConfigurationList = 20E066BD1DBF2D18001C83AA /* Build configuration list for PBXNativeTarget "Pokedex" */;
			buildPhases = (
				20E066A71DBF2D18001C83AA /* Sources */,
				20E066A81DBF2D18001C83AA /* Frameworks */,
				20E066A91DBF2D18001C83AA /* Resources */,
			);
			buildRules = (
			);
			dependencies = (
			);
			name = Pokedex;
			productName = Pokedex;
			productReference = 20E066AB1DBF2D18001C83AA /* Pokedex.app */;
			productType = "com.apple.product-type.application";
		};
/* End PBXNativeTarget section */

/* Begin PBXProject section */
		20E066A31DBF2D18001C83AA /* Project object */ = {
			isa = PBXProject;
			attributes = {
				LastSwiftUpdateCheck = 0800;
				LastUpgradeCheck = 0800;
				ORGANIZATIONNAME = Macwork;
				TargetAttributes = {
					20E066AA1DBF2D18001C83AA = {
						CreatedOnToolsVersion = 8.0;
						DevelopmentTeam = F5U69CTFBJ;
						ProvisioningStyle = Automatic;
					};
				};
			};
			buildConfigurationList = 20E066A61DBF2D18001C83AA /* Build configuration list for PBXProject "Pokedex" */;
			compatibilityVersion = "Xcode 3.2";
			developmentRegion = English;
			hasScannedForEncodings = 0;
			knownRegions = (
				en,
				Base,
			);
			mainGroup = 20E066A21DBF2D18001C83AA;
			productRefGroup = 20E066AC1DBF2D18001C83AA /* Products */;
			projectDirPath = "";
			projectRoot = "";
			targets = (
				20E066AA1DBF2D18001C83AA /* Pokedex */,
			);
		};
/* End PBXProject section */

/* Begin PBXResourcesBuildPhase section */
		20E066A91DBF2D18001C83AA /* Resources */ = {
			isa = PBXResourcesBuildPhase;
			buildActionMask = 2147483647;
			files = (
				20E066B91DBF2D18001C83AA /* LaunchScreen.storyboard in Resources */,
				20E066B61DBF2D18001C83AA /* Assets.xcassets in Resources */,
				20E066C11DBF3881001C83AA /* pokemon.csv in Resources */,
				20E066B41DBF2D18001C83AA /* Main.storyboard in Resources */,
			);
			runOnlyForDeploymentPostprocessing = 0;
		};
/* End PBXResourcesBuildPhase section */

/* Begin PBXSourcesBuildPhase section */
		20E066A71DBF2D18001C83AA /* Sources */ = {
			isa = PBXSourcesBuildPhase;
			buildActionMask = 2147483647;
			files = (
				20E066B11DBF2D18001C83AA /* ViewController.swift in Sources */,
				20E066AF1DBF2D18001C83AA /* AppDelegate.swift in Sources */,
			);
			runOnlyForDeploymentPostprocessing = 0;
		};
/* End PBXSourcesBuildPhase section */

/* Begin PBXVariantGroup section */
		20E066B21DBF2D18001C83AA /* Main.storyboard */ = {
			isa = PBXVariantGroup;
			children = (
				20E066B31DBF2D18001C83AA /* Base */,
			);
			name = Main.storyboard;
			sourceTree = "<group>";
		};
		20E066B71DBF2D18001C83AA /* LaunchScreen.storyboard */ = {
			isa = PBXVariantGroup;
			children = (
				20E066B81DBF2D18001C83AA /* Base */,
			);
			name = LaunchScreen.storyboard;
			sourceTree = "<group>";
		};
/* End PBXVariantGroup section */

/* Begin XCBuildConfiguration section */
		20E066BB1DBF2D18001C83AA /* Debug */ = {
			isa = XCBuildConfiguration;
			buildSettings = {
				ALWAYS_SEARCH_USER_PATHS = NO;
				CLANG_ANALYZER_NONNULL = YES;
				CLANG_CXX_LANGUAGE_STANDARD = "gnu++0x";
				CLANG_CXX_LIBRARY = "libc++";
				CLANG_ENABLE_MODULES = YES;
				CLANG_ENABLE_OBJC_ARC = YES;
				CLANG_WARN_BOOL_CONVERSION = YES;
				CLANG_WARN_CONSTANT_CONVERSION = YES;
				CLANG_WARN_DIRECT_OBJC_ISA_USAGE = YES_ERROR;
				CLANG_WARN_DOCUMENTATION_COMMENTS = YES;
				CLANG_WARN_EMPTY_BODY = YES;
				CLANG_WARN_ENUM_CONVERSION = YES;
				CLANG_WARN_INFINITE_RECURSION = YES;
				CLANG_WARN_INT_CONVERSION = YES;
				CLANG_WARN_OBJC_ROOT_CLASS = YES_ERROR;
				CLANG_WARN_SUSPICIOUS_MOVES = YES;
				CLANG_WARN_UNREACHABLE_CODE = YES;
				CLANG_WARN__DUPLICATE_METHOD_MATCH = YES;
				"CODE_SIGN_IDENTITY[sdk=iphoneos*]" = "iPhone Developer";
				COPY_PHASE_STRIP = NO;
				DEBUG_INFORMATION_FORMAT = dwarf;
				ENABLE_STRICT_OBJC_MSGSEND = YES;
				ENABLE_TESTABILITY = YES;
				GCC_C_LANGUAGE_STANDARD = gnu99;
				GCC_DYNAMIC_NO_PIC = NO;
				GCC_NO_COMMON_BLOCKS = YES;
				GCC_OPTIMIZATION_LEVEL = 0;
				GCC_PREPROCESSOR_DEFINITIONS = (
					"DEBUG=1",
					"$(inherited)",
				);
				GCC_WARN_64_TO_32_BIT_CONVERSION = YES;
				GCC_WARN_ABOUT_RETURN_TYPE = YES_ERROR;
				GCC_WARN_UNDECLARED_SELECTOR = YES;
				GCC_WARN_UNINITIALIZED_AUTOS = YES_AGGRESSIVE;
				GCC_WARN_UNUSED_FUNCTION = YES;
				GCC_WARN_UNUSED_VARIABLE = YES;
				IPHONEOS_DEPLOYMENT_TARGET = 10.0;
				MTL_ENABLE_DEBUG_INFO = YES;
				ONLY_ACTIVE_ARCH = YES;
				SDKROOT = iphoneos;
				SWIFT_ACTIVE_COMPILATION_CONDITIONS = DEBUG;
				SWIFT_OPTIMIZATION_LEVEL = "-Onone";
			};
			name = Debug;
		};
		20E066BC1DBF2D18001C83AA /* Release */ = {
			isa = XCBuildConfiguration;
			buildSettings = {
				ALWAYS_SEARCH_USER_PATHS = NO;
				CLANG_ANALYZER_NONNULL = YES;
				CLANG_CXX_LANGUAGE_STANDARD = "gnu++0x";
				CLANG_CXX_LIBRARY = "libc++";
				CLANG_ENABLE_MODULES = YES;
				CLANG_ENABLE_OBJC_ARC = YES;
				CLANG_WARN_BOOL_CONVERSION = YES;
				CLANG_WARN_CONSTANT_CONVERSION = YES;
				CLANG_WARN_DIRECT_OBJC_ISA_USAGE = YES_ERROR;
				CLANG_WARN_DOCUMENTATION_COMMENTS = YES;
				CLANG_WARN_EMPTY_BODY = YES;
				CLANG_WARN_ENUM_CONVERSION = YES;
				CLANG_WARN_INFINITE_RECURSION = YES;
				CLANG_WARN_INT_CONVERSION = YES;
				CLANG_WARN_OBJC_ROOT_CLASS = YES_ERROR;
				CLANG_WARN_SUSPICIOUS_MOVES = YES;
				CLANG_WARN_UNREACHABLE_CODE = YES;
				CLANG_WARN__DUPLICATE_METHOD_MATCH = YES;
				"CODE_SIGN_IDENTITY[sdk=iphoneos*]" = "iPhone Developer";
				COPY_PHASE_STRIP = NO;
				DEBUG_INFORMATION_FORMAT = "dwarf-with-dsym";
				ENABLE_NS_ASSERTIONS = NO;
				ENABLE_STRICT_OBJC_MSGSEND = YES;
				GCC_C_LANGUAGE_STANDARD = gnu99;
				GCC_NO_COMMON_BLOCKS = YES;
				GCC_WARN_64_TO_32_BIT_CONVERSION = YES;
				GCC_WARN_ABOUT_RETURN_TYPE = YES_ERROR;
				GCC_WARN_UNDECLARED_SELECTOR = YES;
				GCC_WARN_UNINITIALIZED_AUTOS = YES_AGGRESSIVE;
				GCC_WARN_UNUSED_FUNCTION = YES;
				GCC_WARN_UNUSED_VARIABLE = YES;
				IPHONEOS_DEPLOYMENT_TARGET = 10.0;
				MTL_ENABLE_DEBUG_INFO = NO;
				SDKROOT = iphoneos;
				SWIFT_OPTIMIZATION_LEVEL = "-Owholemodule";
				VALIDATE_PRODUCT = YES;
			};
			name = Release;
		};
		20E066BE1DBF2D18001C83AA /* Debug */ = {
			isa = XCBuildConfiguration;
			buildSettings = {
				ASSETCATALOG_COMPILER_APPICON_NAME = AppIcon;
				DEVELOPMENT_TEAM = F5U69CTFBJ;
				INFOPLIST_FILE = Pokedex/Info.plist;
				LD_RUNPATH_SEARCH_PATHS = "$(inherited) @executable_path/Frameworks";
				PRODUCT_BUNDLE_IDENTIFIER = Sprouts.Pokedex;
				PRODUCT_NAME = "$(TARGET_NAME)";
				SWIFT_VERSION = 3.0;
			};
			name = Debug;
		};
		20E066BF1DBF2D18001C83AA /* Release */ = {
			isa = XCBuildConfiguration;
			buildSettings = {
				ASSETCATALOG_COMPILER_APPICON_NAME = AppIcon;
				DEVELOPMENT_TEAM = F5U69CTFBJ;
				INFOPLIST_FILE = Pokedex/Info.plist;
				LD_RUNPATH_SEARCH_PATHS = "$(inherited) @executable_path/Frameworks";
				PRODUCT_BUNDLE_IDENTIFIER = Sprouts.Pokedex;
				PRODUCT_NAME = "$(TARGET_NAME)";
				SWIFT_VERSION = 3.0;
			};
			name = Release;
		};
/* End XCBuildConfiguration section */

/* Begin XCConfigurationList section */
		20E066A61DBF2D18001C83AA /* Build configuration list for PBXProject "Pokedex" */ = {
			isa = XCConfigurationList;
			buildConfigurations = (
				20E066BB1DBF2D18001C83AA /* Debug */,
				20E066BC1DBF2D18001C83AA /* Release */,
			);
			defaultConfigurationIsVisible = 0;
			defaultConfigurationName = Release;
		};
		20E066BD1DBF2D18001C83AA /* Build configuration list for PBXNativeTarget "Pokedex" */ = {
			isa = XCConfigurationList;
			buildConfigurations = (
				20E066BE1DBF2D18001C83AA /* Debug */,
				20E066BF1DBF2D18001C83AA /* Release */,
			);
			defaultConfigurationIsVisible = 0;
		};
/* End XCConfigurationList section */
	};
	rootObject = 20E066A31DBF2D18001C83AA /* Project object */;
}
